
Microsoft Visual Studio Solution File, Format Version 12.00
# Visual Studio Version 17
VisualStudioVersion = 17.5.33530.505
MinimumVisualStudioVersion = 10.0.40219.1
Project("{8BC9CEB8-8B4A-11D0-8D11-00A0C91BC942}") = "PG3_04_01", "PG3_04_01.vcxproj", "{FEC9C037-2AE6-45EF-BEAF-EF6B12A44D61}"
EndProject
Global
	GlobalSection(SolutionConfigurationPlatforms) = preSolution
		Debug|x64 = Debug|x64
		Release|x64 = Release|x64
	EndGlobalSection
	GlobalSection(ProjectConfigurationPlatforms) = postSolution
		{FEC9C037-2AE6-45EF-BEAF-EF6B12A44D61}.Debug|x64.ActiveCfg = Debug|x64
		{FEC9C037-2AE6-45EF-BEAF-EF6B12A44D61}.Debug|x64.Build.0 = Debug|x64
		{FEC9C037-2AE6-45EF-BEAF-EF6B12A44D61}.Release|x64.ActiveCfg = Release|x64
		{FEC9C037-2AE6-45EF-BEAF-EF6B12A44D61}.Release|x64.Build.0 = Release|x64
	EndGlobalSection
	GlobalSection(SolutionProperties) = preSolution
		HideSolutionNode = FALSE
	EndGlobalSection
	GlobalSection(ExtensibilityGlobals) = postSolution
		SolutionGuid = {4A70D206-842C-4F0D-8241-15EB9585D652}
	EndGlobalSection
EndGlobal
